
Microsoft Visual Studio Solution File, Format Version 12.00
# Visual Studio 14
VisualStudioVersion = 14.0.23107.0
MinimumVisualStudioVersion = 10.0.40219.1
Project("{FAE04EC0-301F-11D3-BF4B-00C04F79EFBC}") = "The Road To 100", "The Road To 100\The Road To 100.csproj", "{810C26D1-DAD5-47B6-A298-79F05787525D}"
EndProject
Global
	GlobalSection(SolutionConfigurationPlatforms) = preSolution
		Debug|Any CPU = Debug|Any CPU
		Release|Any CPU = Release|Any CPU
	EndGlobalSection
	GlobalSection(ProjectConfigurationPlatforms) = postSolution
		{810C26D1-DAD5-47B6-A298-79F05787525D}.Debug|Any CPU.ActiveCfg = Debug|Any CPU
		{810C26D1-DAD5-47B6-A298-79F05787525D}.Debug|Any CPU.Build.0 = Debug|Any CPU
		{810C26D1-DAD5-47B6-A298-79F05787525D}.Release|Any CPU.ActiveCfg = Release|Any CPU
		{810C26D1-DAD5-47B6-A298-79F05787525D}.Release|Any CPU.Build.0 = Release|Any CPU
	EndGlobalSection
	GlobalSection(SolutionProperties) = preSolution
		HideSolutionNode = FALSE
	EndGlobalSection
EndGlobal
